// !$*UTF8*$!
{
	archiveVersion = 1;
	classes = {
	};
	objectVersion = 56;
	objects = {

/* Begin PBXBuildFile section */
		0DECD90B2B136F3500624101 /* SplashScreen.swift in Sources */ = {isa = PBXBuildFile; fileRef = 0DECD90A2B136F3500624101 /* SplashScreen.swift */; };
		22C6264A2B0F8A6100636858 /* mileApp.swift in Sources */ = {isa = PBXBuildFile; fileRef = 22C626492B0F8A6100636858 /* mileApp.swift */; };
		22C6264C2B0F8A6100636858 /* ContentView.swift in Sources */ = {isa = PBXBuildFile; fileRef = 22C6264B2B0F8A6100636858 /* ContentView.swift */; };
		22C6264E2B0F8A6300636858 /* Assets.xcassets in Resources */ = {isa = PBXBuildFile; fileRef = 22C6264D2B0F8A6300636858 /* Assets.xcassets */; };
		22C626512B0F8A6300636858 /* Preview Assets.xcassets in Resources */ = {isa = PBXBuildFile; fileRef = 22C626502B0F8A6300636858 /* Preview Assets.xcassets */; };
		22C6265B2B0F8A6300636858 /* mileTests.swift in Sources */ = {isa = PBXBuildFile; fileRef = 22C6265A2B0F8A6300636858 /* mileTests.swift */; };
		22C626652B0F8A6300636858 /* mileUITests.swift in Sources */ = {isa = PBXBuildFile; fileRef = 22C626642B0F8A6300636858 /* mileUITests.swift */; };
		22C626672B0F8A6300636858 /* mileUITestsLaunchTests.swift in Sources */ = {isa = PBXBuildFile; fileRef = 22C626662B0F8A6300636858 /* mileUITestsLaunchTests.swift */; };
		EF6F6E532B18D762003C88A2 /* Experience2.swift in Sources */ = {isa = PBXBuildFile; fileRef = EF6F6E522B18D762003C88A2 /* Experience2.swift */; };
		EF6F6E552B18D84F003C88A2 /* Experience3.swift in Sources */ = {isa = PBXBuildFile; fileRef = EF6F6E542B18D84F003C88A2 /* Experience3.swift */; };
		EF6F6E572B18D855003C88A2 /* Experience4.swift in Sources */ = {isa = PBXBuildFile; fileRef = EF6F6E562B18D855003C88A2 /* Experience4.swift */; };
		EF6F6E592B18D85B003C88A2 /* Experience5.swift in Sources */ = {isa = PBXBuildFile; fileRef = EF6F6E582B18D85B003C88A2 /* Experience5.swift */; };
/* End PBXBuildFile section */

/* Begin PBXContainerItemProxy section */
		22C626572B0F8A6300636858 /* PBXContainerItemProxy */ = {
			isa = PBXContainerItemProxy;
			containerPortal = 22C6263E2B0F8A6100636858 /* Project object */;
			proxyType = 1;
			remoteGlobalIDString = 22C626452B0F8A6100636858;
			remoteInfo = mile;
		};
		22C626612B0F8A6300636858 /* PBXContainerItemProxy */ = {
			isa = PBXContainerItemProxy;
			containerPortal = 22C6263E2B0F8A6100636858 /* Project object */;
			proxyType = 1;
			remoteGlobalIDString = 22C626452B0F8A6100636858;
			remoteInfo = mile;
		};
/* End PBXContainerItemProxy section */

/* Begin PBXFileReference section */
		0DECD90A2B136F3500624101 /* SplashScreen.swift */ = {isa = PBXFileReference; lastKnownFileType = sourcecode.swift; path = SplashScreen.swift; sourceTree = "<group>"; };
		22C626462B0F8A6100636858 /* mile.app */ = {isa = PBXFileReference; explicitFileType = wrapper.application; includeInIndex = 0; path = mile.app; sourceTree = BUILT_PRODUCTS_DIR; };
		22C626492B0F8A6100636858 /* mileApp.swift */ = {isa = PBXFileReference; lastKnownFileType = sourcecode.swift; path = mileApp.swift; sourceTree = "<group>"; };
		22C6264B2B0F8A6100636858 /* ContentView.swift */ = {isa = PBXFileReference; lastKnownFileType = sourcecode.swift; path = ContentView.swift; sourceTree = "<group>"; };
		22C6264D2B0F8A6300636858 /* Assets.xcassets */ = {isa = PBXFileReference; lastKnownFileType = folder.assetcatalog; path = Assets.xcassets; sourceTree = "<group>"; };
		22C626502B0F8A6300636858 /* Preview Assets.xcassets */ = {isa = PBXFileReference; lastKnownFileType = folder.assetcatalog; path = "Preview Assets.xcassets"; sourceTree = "<group>"; };
		22C626562B0F8A6300636858 /* mileTests.xctest */ = {isa = PBXFileReference; explicitFileType = wrapper.cfbundle; includeInIndex = 0; path = mileTests.xctest; sourceTree = BUILT_PRODUCTS_DIR; };
		22C6265A2B0F8A6300636858 /* mileTests.swift */ = {isa = PBXFileReference; lastKnownFileType = sourcecode.swift; path = mileTests.swift; sourceTree = "<group>"; };
		22C626602B0F8A6300636858 /* mileUITests.xctest */ = {isa = PBXFileReference; explicitFileType = wrapper.cfbundle; includeInIndex = 0; path = mileUITests.xctest; sourceTree = BUILT_PRODUCTS_DIR; };
		22C626642B0F8A6300636858 /* mileUITests.swift */ = {isa = PBXFileReference; lastKnownFileType = sourcecode.swift; path = mileUITests.swift; sourceTree = "<group>"; };
		22C626662B0F8A6300636858 /* mileUITestsLaunchTests.swift */ = {isa = PBXFileReference; lastKnownFileType = sourcecode.swift; path = mileUITestsLaunchTests.swift; sourceTree = "<group>"; };
		EF6F6E522B18D762003C88A2 /* Experience2.swift */ = {isa = PBXFileReference; fileEncoding = 4; lastKnownFileType = sourcecode.swift; name = Experience2.swift; path = ../../../Downloads/hi/hi/Experience2.swift; sourceTree = "<group>"; };
		EF6F6E542B18D84F003C88A2 /* Experience3.swift */ = {isa = PBXFileReference; fileEncoding = 4; lastKnownFileType = sourcecode.swift; name = Experience3.swift; path = ../../../Downloads/hi/hi/Experience3.swift; sourceTree = "<group>"; };
		EF6F6E562B18D855003C88A2 /* Experience4.swift */ = {isa = PBXFileReference; fileEncoding = 4; lastKnownFileType = sourcecode.swift; name = Experience4.swift; path = ../../../Downloads/hi/hi/Experience4.swift; sourceTree = "<group>"; };
		EF6F6E582B18D85B003C88A2 /* Experience5.swift */ = {isa = PBXFileReference; fileEncoding = 4; lastKnownFileType = sourcecode.swift; name = Experience5.swift; path = ../../../Downloads/hi/hi/Experience5.swift; sourceTree = "<group>"; };
/* End PBXFileReference section */

/* Begin PBXFrameworksBuildPhase section */
		22C626432B0F8A6100636858 /* Frameworks */ = {
			isa = PBXFrameworksBuildPhase;
			buildActionMask = 2147483647;
			files = (
			);
			runOnlyForDeploymentPostprocessing = 0;
		};
		22C626532B0F8A6300636858 /* Frameworks */ = {
			isa = PBXFrameworksBuildPhase;
			buildActionMask = 2147483647;
			files = (
			);
			runOnlyForDeploymentPostprocessing = 0;
		};
		22C6265D2B0F8A6300636858 /* Frameworks */ = {
			isa = PBXFrameworksBuildPhase;
			buildActionMask = 2147483647;
			files = (
			);
			runOnlyForDeploymentPostprocessing = 0;
		};
/* End PBXFrameworksBuildPhase section */

/* Begin PBXGroup section */
		22C6263D2B0F8A6100636858 = {
			isa = PBXGroup;
			children = (
				22C626482B0F8A6100636858 /* mile */,
				22C626592B0F8A6300636858 /* mileTests */,
				22C626632B0F8A6300636858 /* mileUITests */,
				22C626472B0F8A6100636858 /* Products */,
			);
			sourceTree = "<group>";
		};
		22C626472B0F8A6100636858 /* Products */ = {
			isa = PBXGroup;
			children = (
				22C626462B0F8A6100636858 /* mile.app */,
				22C626562B0F8A6300636858 /* mileTests.xctest */,
				22C626602B0F8A6300636858 /* mileUITests.xctest */,
			);
			name = Products;
			sourceTree = "<group>";
		};
		22C626482B0F8A6100636858 /* mile */ = {
			isa = PBXGroup;
			children = (
				22C626492B0F8A6100636858 /* mileApp.swift */,
				22C6264B2B0F8A6100636858 /* ContentView.swift */,
				EF6F6E522B18D762003C88A2 /* Experience2.swift */,
				EF6F6E542B18D84F003C88A2 /* Experience3.swift */,
				EF6F6E562B18D855003C88A2 /* Experience4.swift */,
				EF6F6E582B18D85B003C88A2 /* Experience5.swift */,
				0DECD90A2B136F3500624101 /* SplashScreen.swift */,
				22C6264D2B0F8A6300636858 /* Assets.xcassets */,
				22C6264F2B0F8A6300636858 /* Preview Content */,
			);
			path = mile;
			sourceTree = "<group>";
		};
		22C6264F2B0F8A6300636858 /* Preview Content */ = {
			isa = PBXGroup;
			children = (
				22C626502B0F8A6300636858 /* Preview Assets.xcassets */,
			);
			path = "Preview Content";
			sourceTree = "<group>";
		};
		22C626592B0F8A6300636858 /* mileTests */ = {
			isa = PBXGroup;
			children = (
				22C6265A2B0F8A6300636858 /* mileTests.swift */,
			);
			path = mileTests;
			sourceTree = "<group>";
		};
		22C626632B0F8A6300636858 /* mileUITests */ = {
			isa = PBXGroup;
			children = (
				22C626642B0F8A6300636858 /* mileUITests.swift */,
				22C626662B0F8A6300636858 /* mileUITestsLaunchTests.swift */,
			);
			path = mileUITests;
			sourceTree = "<group>";
		};
/* End PBXGroup section */

/* Begin PBXNativeTarget section */
		22C626452B0F8A6100636858 /* mile */ = {
			isa = PBXNativeTarget;
			buildConfigurationList = 22C6266A2B0F8A6300636858 /* Build configuration list for PBXNativeTarget "mile" */;
			buildPhases = (
				22C626422B0F8A6100636858 /* Sources */,
				22C626432B0F8A6100636858 /* Frameworks */,
				22C626442B0F8A6100636858 /* Resources */,
			);
			buildRules = (
			);
			dependencies = (
			);
			name = mile;
			productName = mile;
			productReference = 22C626462B0F8A6100636858 /* mile.app */;
			productType = "com.apple.product-type.application";
		};
		22C626552B0F8A6300636858 /* mileTests */ = {
			isa = PBXNativeTarget;
			buildConfigurationList = 22C6266D2B0F8A6300636858 /* Build configuration list for PBXNativeTarget "mileTests" */;
			buildPhases = (
				22C626522B0F8A6300636858 /* Sources */,
				22C626532B0F8A6300636858 /* Frameworks */,
				22C626542B0F8A6300636858 /* Resources */,
			);
			buildRules = (
			);
			dependencies = (
				22C626582B0F8A6300636858 /* PBXTargetDependency */,
			);
			name = mileTests;
			productName = mileTests;
			productReference = 22C626562B0F8A6300636858 /* mileTests.xctest */;
			productType = "com.apple.product-type.bundle.unit-test";
		};
		22C6265F2B0F8A6300636858 /* mileUITests */ = {
			isa = PBXNativeTarget;
			buildConfigurationList = 22C626702B0F8A6300636858 /* Build configuration list for PBXNativeTarget "mileUITests" */;
			buildPhases = (
				22C6265C2B0F8A6300636858 /* Sources */,
				22C6265D2B0F8A6300636858 /* Frameworks */,
				22C6265E2B0F8A6300636858 /* Resources */,
			);
			buildRules = (
			);
			dependencies = (
				22C626622B0F8A6300636858 /* PBXTargetDependency */,
			);
			name = mileUITests;
			productName = mileUITests;
			productReference = 22C626602B0F8A6300636858 /* mileUITests.xctest */;
			productType = "com.apple.product-type.bundle.ui-testing";
		};
/* End PBXNativeTarget section */

/* Begin PBXProject section */
		22C6263E2B0F8A6100636858 /* Project object */ = {
			isa = PBXProject;
			attributes = {
				BuildIndependentTargetsInParallel = 1;
				LastSwiftUpdateCheck = 1500;
				LastUpgradeCheck = 1500;
				TargetAttributes = {
					22C626452B0F8A6100636858 = {
						CreatedOnToolsVersion = 15.0.1;
					};
					22C626552B0F8A6300636858 = {
						CreatedOnToolsVersion = 15.0.1;
						TestTargetID = 22C626452B0F8A6100636858;
					};
					22C6265F2B0F8A6300636858 = {
						CreatedOnToolsVersion = 15.0.1;
						TestTargetID = 22C626452B0F8A6100636858;
					};
				};
			};
			buildConfigurationList = 22C626412B0F8A6100636858 /* Build configuration list for PBXProject "mile" */;
			compatibilityVersion = "Xcode 14.0";
			developmentRegion = en;
			hasScannedForEncodings = 0;
			knownRegions = (
				en,
				Base,
			);
			mainGroup = 22C6263D2B0F8A6100636858;
			productRefGroup = 22C626472B0F8A6100636858 /* Products */;
			projectDirPath = "";
			projectRoot = "";
			targets = (
				22C626452B0F8A6100636858 /* mile */,
				22C626552B0F8A6300636858 /* mileTests */,
				22C6265F2B0F8A6300636858 /* mileUITests */,
			);
		};
/* End PBXProject section */

/* Begin PBXResourcesBuildPhase section */
		22C626442B0F8A6100636858 /* Resources */ = {
			isa = PBXResourcesBuildPhase;
			buildActionMask = 2147483647;
			files = (
				22C626512B0F8A6300636858 /* Preview Assets.xcassets in Resources */,
				22C6264E2B0F8A6300636858 /* Assets.xcassets in Resources */,
			);
			runOnlyForDeploymentPostprocessing = 0;
		};
		22C626542B0F8A6300636858 /* Resources */ = {
			isa = PBXResourcesBuildPhase;
			buildActionMask = 2147483647;
			files = (
			);
			runOnlyForDeploymentPostprocessing = 0;
		};
		22C6265E2B0F8A6300636858 /* Resources */ = {
			isa = PBXResourcesBuildPhase;
			buildActionMask = 2147483647;
			files = (
			);
			runOnlyForDeploymentPostprocessing = 0;
		};
/* End PBXResourcesBuildPhase section */

/* Begin PBXSourcesBuildPhase section */
		22C626422B0F8A6100636858 /* Sources */ = {
			isa = PBXSourcesBuildPhase;
			buildActionMask = 2147483647;
			files = (
				0DECD90B2B136F3500624101 /* SplashScreen.swift in Sources */,
				22C6264C2B0F8A6100636858 /* ContentView.swift in Sources */,
				EF6F6E552B18D84F003C88A2 /* Experience3.swift in Sources */,
				EF6F6E532B18D762003C88A2 /* Experience2.swift in Sources */,
				EF6F6E572B18D855003C88A2 /* Experience4.swift in Sources */,
				22C6264A2B0F8A6100636858 /* mileApp.swift in Sources */,
				EF6F6E592B18D85B003C88A2 /* Experience5.swift in Sources */,
			);
			runOnlyForDeploymentPostprocessing = 0;
		};
		22C626522B0F8A6300636858 /* Sources */ = {
			isa = PBXSourcesBuildPhase;
			buildActionMask = 2147483647;
			files = (
				22C6265B2B0F8A6300636858 /* mileTests.swift in Sources */,
			);
			runOnlyForDeploymentPostprocessing = 0;
		};
		22C6265C2B0F8A6300636858 /* Sources */ = {
			isa = PBXSourcesBuildPhase;
			buildActionMask = 2147483647;
			files = (
				22C626652B0F8A6300636858 /* mileUITests.swift in Sources */,
				22C626672B0F8A6300636858 /* mileUITestsLaunchTests.swift in Sources */,
			);
			runOnlyForDeploymentPostprocessing = 0;
		};
/* End PBXSourcesBuildPhase section */

/* Begin PBXTargetDependency section */
		22C626582B0F8A6300636858 /* PBXTargetDependency */ = {
			isa = PBXTargetDependency;
			target = 22C626452B0F8A6100636858 /* mile */;
			targetProxy = 22C626572B0F8A6300636858 /* PBXContainerItemProxy */;
		};
		22C626622B0F8A6300636858 /* PBXTargetDependency */ = {
			isa = PBXTargetDependency;
			target = 22C626452B0F8A6100636858 /* mile */;
			targetProxy = 22C626612B0F8A6300636858 /* PBXContainerItemProxy */;
		};
/* End PBXTargetDependency section */

/* Begin XCBuildConfiguration section */
		22C626682B0F8A6300636858 /* Debug */ = {
			isa = XCBuildConfiguration;
			buildSettings = {
				ALWAYS_SEARCH_USER_PATHS = NO;
				ASSETCATALOG_COMPILER_GENERATE_SWIFT_ASSET_SYMBOL_EXTENSIONS = YES;
				CLANG_ANALYZER_NONNULL = YES;
				CLANG_ANALYZER_NUMBER_OBJECT_CONVERSION = YES_AGGRESSIVE;
				CLANG_CXX_LANGUAGE_STANDARD = "gnu++20";
				CLANG_ENABLE_MODULES = YES;
				CLANG_ENABLE_OBJC_ARC = YES;
				CLANG_ENABLE_OBJC_WEAK = YES;
				CLANG_WARN_BLOCK_CAPTURE_AUTORELEASING = YES;
				CLANG_WARN_BOOL_CONVERSION = YES;
				CLANG_WARN_COMMA = YES;
				CLANG_WARN_CONSTANT_CONVERSION = YES;
				CLANG_WARN_DEPRECATED_OBJC_IMPLEMENTATIONS = YES;
				CLANG_WARN_DIRECT_OBJC_ISA_USAGE = YES_ERROR;
				CLANG_WARN_DOCUMENTATION_COMMENTS = YES;
				CLANG_WARN_EMPTY_BODY = YES;
				CLANG_WARN_ENUM_CONVERSION = YES;
				CLANG_WARN_INFINITE_RECURSION = YES;
				CLANG_WARN_INT_CONVERSION = YES;
				CLANG_WARN_NON_LITERAL_NULL_CONVERSION = YES;
				CLANG_WARN_OBJC_IMPLICIT_RETAIN_SELF = YES;
				CLANG_WARN_OBJC_LITERAL_CONVERSION = YES;
				CLANG_WARN_OBJC_ROOT_CLASS = YES_ERROR;
				CLANG_WARN_QUOTED_INCLUDE_IN_FRAMEWORK_HEADER = YES;
				CLANG_WARN_RANGE_LOOP_ANALYSIS = YES;
				CLANG_WARN_STRICT_PROTOTYPES = YES;
				CLANG_WARN_SUSPICIOUS_MOVE = YES;
				CLANG_WARN_UNGUARDED_AVAILABILITY = YES_AGGRESSIVE;
				CLANG_WARN_UNREACHABLE_CODE = YES;
				CLANG_WARN__DUPLICATE_METHOD_MATCH = YES;
				COPY_PHASE_STRIP = NO;
				DEBUG_INFORMATION_FORMAT = dwarf;
				ENABLE_STRICT_OBJC_MSGSEND = YES;
				ENABLE_TESTABILITY = YES;
				ENABLE_USER_SCRIPT_SANDBOXING = YES;
				GCC_C_LANGUAGE_STANDARD = gnu17;
				GCC_DYNAMIC_NO_PIC = NO;
				GCC_NO_COMMON_BLOCKS = YES;
				GCC_OPTIMIZATION_LEVEL = 0;
				GCC_PREPROCESSOR_DEFINITIONS = (
					"DEBUG=1",
					"$(inherited)",
				);
				GCC_WARN_64_TO_32_BIT_CONVERSION = YES;
				GCC_WARN_ABOUT_RETURN_TYPE = YES_ERROR;
				GCC_WARN_UNDECLARED_SELECTOR = YES;
				GCC_WARN_UNINITIALIZED_AUTOS = YES_AGGRESSIVE;
				GCC_WARN_UNUSED_FUNCTION = YES;
				GCC_WARN_UNUSED_VARIABLE = YES;
				IPHONEOS_DEPLOYMENT_TARGET = 17.0;
				LOCALIZATION_PREFERS_STRING_CATALOGS = YES;
				MTL_ENABLE_DEBUG_INFO = INCLUDE_SOURCE;
				MTL_FAST_MATH = YES;
				ONLY_ACTIVE_ARCH = YES;
				SDKROOT = iphoneos;
				SWIFT_ACTIVE_COMPILATION_CONDITIONS = "DEBUG $(inherited)";
				SWIFT_OPTIMIZATION_LEVEL = "-Onone";
			};
			name = Debug;
		};
		22C626692B0F8A6300636858 /* Release */ = {
			isa = XCBuildConfiguration;
			buildSettings = {
				ALWAYS_SEARCH_USER_PATHS = NO;
				ASSETCATALOG_COMPILER_GENERATE_SWIFT_ASSET_SYMBOL_EXTENSIONS = YES;
				CLANG_ANALYZER_NONNULL = YES;
				CLANG_ANALYZER_NUMBER_OBJECT_CONVERSION = YES_AGGRESSIVE;
				CLANG_CXX_LANGUAGE_STANDARD = "gnu++20";
				CLANG_ENABLE_MODULES = YES;
				CLANG_ENABLE_OBJC_ARC = YES;
				CLANG_ENABLE_OBJC_WEAK = YES;
				CLANG_WARN_BLOCK_CAPTURE_AUTORELEASING = YES;
				CLANG_WARN_BOOL_CONVERSION = YES;
				CLANG_WARN_COMMA = YES;
				CLANG_WARN_CONSTANT_CONVERSION = YES;
				CLANG_WARN_DEPRECATED_OBJC_IMPLEMENTATIONS = YES;
				CLANG_WARN_DIRECT_OBJC_ISA_USAGE = YES_ERROR;
				CLANG_WARN_DOCUMENTATION_COMMENTS = YES;
				CLANG_WARN_EMPTY_BODY = YES;
				CLANG_WARN_ENUM_CONVERSION = YES;
				CLANG_WARN_INFINITE_RECURSION = YES;
				CLANG_WARN_INT_CONVERSION = YES;
				CLANG_WARN_NON_LITERAL_NULL_CONVERSION = YES;
				CLANG_WARN_OBJC_IMPLICIT_RETAIN_SELF = YES;
				CLANG_WARN_OBJC_LITERAL_CONVERSION = YES;
				CLANG_WARN_OBJC_ROOT_CLASS = YES_ERROR;
				CLANG_WARN_QUOTED_INCLUDE_IN_FRAMEWORK_HEADER = YES;
				CLANG_WARN_RANGE_LOOP_ANALYSIS = YES;
				CLANG_WARN_STRICT_PROTOTYPES = YES;
				CLANG_WARN_SUSPICIOUS_MOVE = YES;
				CLANG_WARN_UNGUARDED_AVAILABILITY = YES_AGGRESSIVE;
				CLANG_WARN_UNREACHABLE_CODE = YES;
				CLANG_WARN__DUPLICATE_METHOD_MATCH = YES;
				COPY_PHASE_STRIP = NO;
				DEBUG_INFORMATION_FORMAT = "dwarf-with-dsym";
				ENABLE_NS_ASSERTIONS = NO;
				ENABLE_STRICT_OBJC_MSGSEND = YES;
				ENABLE_USER_SCRIPT_SANDBOXING = YES;
				GCC_C_LANGUAGE_STANDARD = gnu17;
				GCC_NO_COMMON_BLOCKS = YES;
				GCC_WARN_64_TO_32_BIT_CONVERSION = YES;
				GCC_WARN_ABOUT_RETURN_TYPE = YES_ERROR;
				GCC_WARN_UNDECLARED_SELECTOR = YES;
				GCC_WARN_UNINITIALIZED_AUTOS = YES_AGGRESSIVE;
				GCC_WARN_UNUSED_FUNCTION = YES;
				GCC_WARN_UNUSED_VARIABLE = YES;
				IPHONEOS_DEPLOYMENT_TARGET = 17.0;
				LOCALIZATION_PREFERS_STRING_CATALOGS = YES;
				MTL_ENABLE_DEBUG_INFO = NO;
				MTL_FAST_MATH = YES;
				SDKROOT = iphoneos;
				SWIFT_COMPILATION_MODE = wholemodule;
				VALIDATE_PRODUCT = YES;
			};
			name = Release;
		};
		22C6266B2B0F8A6300636858 /* Debug */ = {
			isa = XCBuildConfiguration;
			buildSettings = {
				ASSETCATALOG_COMPILER_APPICON_NAME = AppIcon;
				ASSETCATALOG_COMPILER_GLOBAL_ACCENT_COLOR_NAME = AccentColor;
				CODE_SIGN_STYLE = Automatic;
				CURRENT_PROJECT_VERSION = 1;
				DEVELOPMENT_ASSET_PATHS = "\"mile/Preview Content\"";
				ENABLE_PREVIEWS = YES;
				GENERATE_INFOPLIST_FILE = YES;
				INFOPLIST_KEY_UIApplicationSceneManifest_Generation = YES;
				INFOPLIST_KEY_UIApplicationSupportsIndirectInputEvents = YES;
				INFOPLIST_KEY_UILaunchScreen_Generation = YES;
				INFOPLIST_KEY_UISupportedInterfaceOrientations_iPad = "UIInterfaceOrientationPortrait UIInterfaceOrientationPortraitUpsideDown UIInterfaceOrientationLandscapeLeft UIInterfaceOrientationLandscapeRight";
				INFOPLIST_KEY_UISupportedInterfaceOrientations_iPhone = "UIInterfaceOrientationPortrait UIInterfaceOrientationLandscapeLeft UIInterfaceOrientationLandscapeRight";
				LD_RUNPATH_SEARCH_PATHS = (
					"$(inherited)",
					"@executable_path/Frameworks",
				);
				MARKETING_VERSION = 1.0;
				PRODUCT_BUNDLE_IDENTIFIER = twq.mile;
				PRODUCT_NAME = "$(TARGET_NAME)";
				SWIFT_EMIT_LOC_STRINGS = YES;
				SWIFT_VERSION = 5.0;
				TARGETED_DEVICE_FAMILY = "1,2";
			};
			name = Debug;
		};
		22C6266C2B0F8A6300636858 /* Release */ = {
			isa = XCBuildConfiguration;
			buildSettings = {
				ASSETCATALOG_COMPILER_APPICON_NAME = AppIcon;
				ASSETCATALOG_COMPILER_GLOBAL_ACCENT_COLOR_NAME = AccentColor;
				CODE_SIGN_STYLE = Automatic;
				CURRENT_PROJECT_VERSION = 1;
				DEVELOPMENT_ASSET_PATHS = "\"mile/Preview Content\"";
				ENABLE_PREVIEWS = YES;
				GENERATE_INFOPLIST_FILE = YES;
				INFOPLIST_KEY_UIApplicationSceneManifest_Generation = YES;
				INFOPLIST_KEY_UIApplicationSupportsIndirectInputEvents = YES;
				INFOPLIST_KEY_UILaunchScreen_Generation = YES;
				INFOPLIST_KEY_UISupportedInterfaceOrientations_iPad = "UIInterfaceOrientationPortrait UIInterfaceOrientationPortraitUpsideDown UIInterfaceOrientationLandscapeLeft UIInterfaceOrientationLandscapeRight";
				INFOPLIST_KEY_UISupportedInterfaceOrientations_iPhone = "UIInterfaceOrientationPortrait UIInterfaceOrientationLandscapeLeft UIInterfaceOrientationLandscapeRight";
				LD_RUNPATH_SEARCH_PATHS = (
					"$(inherited)",
					"@executable_path/Frameworks",
				);
				MARKETING_VERSION = 1.0;
				PRODUCT_BUNDLE_IDENTIFIER = twq.mile;
				PRODUCT_NAME = "$(TARGET_NAME)";
				SWIFT_EMIT_LOC_STRINGS = YES;
				SWIFT_VERSION = 5.0;
				TARGETED_DEVICE_FAMILY = "1,2";
			};
			name = Release;
		};
		22C6266E2B0F8A6300636858 /* Debug */ = {
			isa = XCBuildConfiguration;
			buildSettings = {
				ALWAYS_EMBED_SWIFT_STANDARD_LIBRARIES = YES;
				BUNDLE_LOADER = "$(TEST_HOST)";
				CODE_SIGN_STYLE = Automatic;
				CURRENT_PROJECT_VERSION = 1;
				GENERATE_INFOPLIST_FILE = YES;
				IPHONEOS_DEPLOYMENT_TARGET = 17.0;
				MARKETING_VERSION = 1.0;
				PRODUCT_BUNDLE_IDENTIFIER = twq.mileTests;
				PRODUCT_NAME = "$(TARGET_NAME)";
				SWIFT_EMIT_LOC_STRINGS = NO;
				SWIFT_VERSION = 5.0;
				TARGETED_DEVICE_FAMILY = "1,2";
				TEST_HOST = "$(BUILT_PRODUCTS_DIR)/mile.app/$(BUNDLE_EXECUTABLE_FOLDER_PATH)/mile";
			};
			name = Debug;
		};
		22C6266F2B0F8A6300636858 /* Release */ = {
			isa = XCBuildConfiguration;
			buildSettings = {
				ALWAYS_EMBED_SWIFT_STANDARD_LIBRARIES = YES;
				BUNDLE_LOADER = "$(TEST_HOST)";
				CODE_SIGN_STYLE = Automatic;
				CURRENT_PROJECT_VERSION = 1;
				GENERATE_INFOPLIST_FILE = YES;
				IPHONEOS_DEPLOYMENT_TARGET = 17.0;
				MARKETING_VERSION = 1.0;
				PRODUCT_BUNDLE_IDENTIFIER = twq.mileTests;
				PRODUCT_NAME = "$(TARGET_NAME)";
				SWIFT_EMIT_LOC_STRINGS = NO;
				SWIFT_VERSION = 5.0;
				TARGETED_DEVICE_FAMILY = "1,2";
				TEST_HOST = "$(BUILT_PRODUCTS_DIR)/mile.app/$(BUNDLE_EXECUTABLE_FOLDER_PATH)/mile";
			};
			name = Release;
		};
		22C626712B0F8A6300636858 /* Debug */ = {
			isa = XCBuildConfiguration;
			buildSettings = {
				ALWAYS_EMBED_SWIFT_STANDARD_LIBRARIES = YES;
				CODE_SIGN_STYLE = Automatic;
				CURRENT_PROJECT_VERSION = 1;
				GENERATE_INFOPLIST_FILE = YES;
				MARKETING_VERSION = 1.0;
				PRODUCT_BUNDLE_IDENTIFIER = twq.mileUITests;
				PRODUCT_NAME = "$(TARGET_NAME)";
				SWIFT_EMIT_LOC_STRINGS = NO;
				SWIFT_VERSION = 5.0;
				TARGETED_DEVICE_FAMILY = "1,2";
				TEST_TARGET_NAME = mile;
			};
			name = Debug;
		};
		22C626722B0F8A6300636858 /* Release */ = {
			isa = XCBuildConfiguration;
			buildSettings = {
				ALWAYS_EMBED_SWIFT_STANDARD_LIBRARIES = YES;
				CODE_SIGN_STYLE = Automatic;
				CURRENT_PROJECT_VERSION = 1;
				GENERATE_INFOPLIST_FILE = YES;
				MARKETING_VERSION = 1.0;
				PRODUCT_BUNDLE_IDENTIFIER = twq.mileUITests;
				PRODUCT_NAME = "$(TARGET_NAME)";
				SWIFT_EMIT_LOC_STRINGS = NO;
				SWIFT_VERSION = 5.0;
				TARGETED_DEVICE_FAMILY = "1,2";
				TEST_TARGET_NAME = mile;
			};
			name = Release;
		};
/* End XCBuildConfiguration section */

/* Begin XCConfigurationList section */
		22C626412B0F8A6100636858 /* Build configuration list for PBXProject "mile" */ = {
			isa = XCConfigurationList;
			buildConfigurations = (
				22C626682B0F8A6300636858 /* Debug */,
				22C626692B0F8A6300636858 /* Release */,
			);
			defaultConfigurationIsVisible = 0;
			defaultConfigurationName = Release;
		};
		22C6266A2B0F8A6300636858 /* Build configuration list for PBXNativeTarget "mile" */ = {
			isa = XCConfigurationList;
			buildConfigurations = (
				22C6266B2B0F8A6300636858 /* Debug */,
				22C6266C2B0F8A6300636858 /* Release */,
			);
			defaultConfigurationIsVisible = 0;
			defaultConfigurationName = Release;
		};
		22C6266D2B0F8A6300636858 /* Build configuration list for PBXNativeTarget "mileTests" */ = {
			isa = XCConfigurationList;
			buildConfigurations = (
				22C6266E2B0F8A6300636858 /* Debug */,
				22C6266F2B0F8A6300636858 /* Release */,
			);
			defaultConfigurationIsVisible = 0;
			defaultConfigurationName = Release;
		};
		22C626702B0F8A6300636858 /* Build configuration list for PBXNativeTarget "mileUITests" */ = {
			isa = XCConfigurationList;
			buildConfigurations = (
				22C626712B0F8A6300636858 /* Debug */,
				22C626722B0F8A6300636858 /* Release */,
			);
			defaultConfigurationIsVisible = 0;
			defaultConfigurationName = Release;
		};
/* End XCConfigurationList section */
	};
	rootObject = 22C6263E2B0F8A6100636858 /* Project object */;
}
